
Microsoft Visual Studio Solution File, Format Version 12.00
# Visual Studio Version 17
VisualStudioVersion = 17.10.35013.160
MinimumVisualStudioVersion = 10.0.40219.1
Project("{FAE04EC0-301F-11D3-BF4B-00C04F79EFBC}") = "CarPrint2ndTry", "CarPrint2ndTry\CarPrint2ndTry.csproj", "{7DEF5AAD-BCFF-4CC8-BF82-F9226E98B6E0}"
EndProject
Global
	GlobalSection(SolutionConfigurationPlatforms) = preSolution
		Debug|Any CPU = Debug|Any CPU
		Release|Any CPU = Release|Any CPU
	EndGlobalSection
	GlobalSection(ProjectConfigurationPlatforms) = postSolution
		{7DEF5AAD-BCFF-4CC8-BF82-F9226E98B6E0}.Debug|Any CPU.ActiveCfg = Debug|Any CPU
		{7DEF5AAD-BCFF-4CC8-BF82-F9226E98B6E0}.Debug|Any CPU.Build.0 = Debug|Any CPU
		{7DEF5AAD-BCFF-4CC8-BF82-F9226E98B6E0}.Release|Any CPU.ActiveCfg = Release|Any CPU
		{7DEF5AAD-BCFF-4CC8-BF82-F9226E98B6E0}.Release|Any CPU.Build.0 = Release|Any CPU
	EndGlobalSection
	GlobalSection(SolutionProperties) = preSolution
		HideSolutionNode = FALSE
	EndGlobalSection
	GlobalSection(ExtensibilityGlobals) = postSolution
		SolutionGuid = {CE91F864-7FDB-4ECF-BC28-3B52A9059F7C}
	EndGlobalSection
EndGlobal
